<?xml version="1.0" encoding="utf-8"?>
<Project ToolsVersion="4.0" xmlns="http://schemas.microsoft.com/developer/msbuild/2003">
  <ItemGroup>
    <ClInclude Include="header.hpp">
      <Filter>base</Filter>
    </ClInclude>
    <ClInclude Include="io_service_pool.hpp">
      <Filter>base</Filter>
    </ClInclude>
    <ClInclude Include="server.hpp">
      <Filter>server</Filter>
    </ClInclude>
    <ClInclude Include="connection.hpp">
      <Filter>server</Filter>
    </ClInclude>
    <ClInclude Include="consts.h">
      <Filter>base</Filter>
    </ClInclude>
    <ClInclude Include="connection_impl.hpp">
      <Filter>server</Filter>
    </ClInclude>
    <ClInclude Include="ios_wrapper_impl.hpp">
      <Filter>server</Filter>
    </ClInclude>
    <ClInclude Include="ios_wrapper.hpp">
      <Filter>server</Filter>
    </ClInclude>
    <ClInclude Include="plan.hpp" />
    <ClInclude Include="router.hpp">
      <Filter>server</Filter>
    </ClInclude>
  </ItemGroup>
  <ItemGroup>
    <Filter Include="base">
      <UniqueIdentifier>{3448e51c-f293-45e0-88bb-829e6cb993b1}</UniqueIdentifier>
    </Filter>
    <Filter Include="client">
      <UniqueIdentifier>{9441a215-e127-4b9d-ad85-764ce9e251ff}</UniqueIdentifier>
    </Filter>
    <Filter Include="server">
      <UniqueIdentifier>{f930e528-6195-45cb-a4ae-7c9d26123b58}</UniqueIdentifier>
    </Filter>
  </ItemGroup>
</Project>